
Microsoft Visual Studio Solution File, Format Version 12.00
# Visual Studio Version 17
VisualStudioVersion = 17.11.35312.102
MinimumVisualStudioVersion = 10.0.40219.1
Project("{FAE04EC0-301F-11D3-BF4B-00C04F79EFBC}") = "P2PagoExacto", "P2PagoExacto.csproj", "{29327B7B-0982-4EEA-813D-465120653DBB}"
EndProject
Global
	GlobalSection(SolutionConfigurationPlatforms) = preSolution
		Debug|Any CPU = Debug|Any CPU
		Release|Any CPU = Release|Any CPU
	EndGlobalSection
	GlobalSection(ProjectConfigurationPlatforms) = postSolution
		{29327B7B-0982-4EEA-813D-465120653DBB}.Debug|Any CPU.ActiveCfg = Debug|Any CPU
		{29327B7B-0982-4EEA-813D-465120653DBB}.Debug|Any CPU.Build.0 = Debug|Any CPU
		{29327B7B-0982-4EEA-813D-465120653DBB}.Debug|Any CPU.Deploy.0 = Debug|Any CPU
		{29327B7B-0982-4EEA-813D-465120653DBB}.Release|Any CPU.ActiveCfg = Release|Any CPU
		{29327B7B-0982-4EEA-813D-465120653DBB}.Release|Any CPU.Build.0 = Release|Any CPU
		{29327B7B-0982-4EEA-813D-465120653DBB}.Release|Any CPU.Deploy.0 = Release|Any CPU
	EndGlobalSection
	GlobalSection(SolutionProperties) = preSolution
		HideSolutionNode = FALSE
	EndGlobalSection
	GlobalSection(ExtensibilityGlobals) = postSolution
		SolutionGuid = {E3D098D8-D9BA-4B35-9839-C4A2583F9349}
	EndGlobalSection
EndGlobal
